
Microsoft Visual Studio Solution File, Format Version 12.00
# Visual Studio Version 17
VisualStudioVersion = 17.1.32421.90
MinimumVisualStudioVersion = 10.0.40219.1
Project("{FAE04EC0-301F-11D3-BF4B-00C04F79EFBC}") = "MediStoma3.0", "MediStoma3.0.csproj", "{CCAE049F-3685-43E0-A9D2-CAF2910451CC}"
EndProject
Global
	GlobalSection(SolutionConfigurationPlatforms) = preSolution
		Debug|Any CPU = Debug|Any CPU
		Release|Any CPU = Release|Any CPU
	EndGlobalSection
	GlobalSection(ProjectConfigurationPlatforms) = postSolution
		{CCAE049F-3685-43E0-A9D2-CAF2910451CC}.Debug|Any CPU.ActiveCfg = Debug|Any CPU
		{CCAE049F-3685-43E0-A9D2-CAF2910451CC}.Debug|Any CPU.Build.0 = Debug|Any CPU
		{CCAE049F-3685-43E0-A9D2-CAF2910451CC}.Release|Any CPU.ActiveCfg = Release|Any CPU
		{CCAE049F-3685-43E0-A9D2-CAF2910451CC}.Release|Any CPU.Build.0 = Release|Any CPU
	EndGlobalSection
	GlobalSection(SolutionProperties) = preSolution
		HideSolutionNode = FALSE
	EndGlobalSection
	GlobalSection(ExtensibilityGlobals) = postSolution
		SolutionGuid = {AF40EB00-4474-4A56-B594-DF6392571D26}
	EndGlobalSection
EndGlobal
